
Microsoft Visual Studio Solution File, Format Version 11.00
# Visual Studio 2010
Project("{FAE04EC0-301F-11D3-BF4B-00C04F79EFBC}") = "SupplierAutoEmailer", "ActivityMonitor\SupplierAutoEmailer.csproj", "{9F8A6E12-F09C-452C-8717-153DDE842DDB}"
EndProject
Project("{FAE04EC0-301F-11D3-BF4B-00C04F79EFBC}") = "SupplierAutoEmailerTests", "ActivityMonitorTests\SupplierAutoEmailerTests.csproj", "{117D849F-4ABE-43FD-A38F-C34695762DA2}"
EndProject
Project("{2150E333-8FDC-42A3-9474-1A3956D46DE8}") = "Solution Items", "Solution Items", "{6B4DAB87-00F5-4A4A-B618-95C668ADBA38}"
	ProjectSection(SolutionItems) = preProject
		ActivityMonitor.vsmdi = ActivityMonitor.vsmdi
		Local.testsettings = Local.testsettings
		TraceAndTestImpact.testsettings = TraceAndTestImpact.testsettings
	EndProjectSection
EndProject
Global
	GlobalSection(TestCaseManagementSettings) = postSolution
		CategoryFile = ActivityMonitor.vsmdi
	EndGlobalSection
	GlobalSection(SolutionConfigurationPlatforms) = preSolution
		Debug|Any CPU = Debug|Any CPU
		Debug|Mixed Platforms = Debug|Mixed Platforms
		Debug|x86 = Debug|x86
		Release|Any CPU = Release|Any CPU
		Release|Mixed Platforms = Release|Mixed Platforms
		Release|x86 = Release|x86
	EndGlobalSection
	GlobalSection(ProjectConfigurationPlatforms) = postSolution
		{9F8A6E12-F09C-452C-8717-153DDE842DDB}.Debug|Any CPU.ActiveCfg = Debug|x86
		{9F8A6E12-F09C-452C-8717-153DDE842DDB}.Debug|Mixed Platforms.ActiveCfg = Debug|x86
		{9F8A6E12-F09C-452C-8717-153DDE842DDB}.Debug|Mixed Platforms.Build.0 = Debug|x86
		{9F8A6E12-F09C-452C-8717-153DDE842DDB}.Debug|x86.ActiveCfg = Debug|x86
		{9F8A6E12-F09C-452C-8717-153DDE842DDB}.Debug|x86.Build.0 = Debug|x86
		{9F8A6E12-F09C-452C-8717-153DDE842DDB}.Release|Any CPU.ActiveCfg = Release|x86
		{9F8A6E12-F09C-452C-8717-153DDE842DDB}.Release|Mixed Platforms.ActiveCfg = Release|x86
		{9F8A6E12-F09C-452C-8717-153DDE842DDB}.Release|Mixed Platforms.Build.0 = Release|x86
		{9F8A6E12-F09C-452C-8717-153DDE842DDB}.Release|x86.ActiveCfg = Release|x86
		{9F8A6E12-F09C-452C-8717-153DDE842DDB}.Release|x86.Build.0 = Release|x86
		{117D849F-4ABE-43FD-A38F-C34695762DA2}.Debug|Any CPU.ActiveCfg = Debug|Any CPU
		{117D849F-4ABE-43FD-A38F-C34695762DA2}.Debug|Any CPU.Build.0 = Debug|Any CPU
		{117D849F-4ABE-43FD-A38F-C34695762DA2}.Debug|Mixed Platforms.ActiveCfg = Debug|Any CPU
		{117D849F-4ABE-43FD-A38F-C34695762DA2}.Debug|Mixed Platforms.Build.0 = Debug|Any CPU
		{117D849F-4ABE-43FD-A38F-C34695762DA2}.Debug|x86.ActiveCfg = Debug|Any CPU
		{117D849F-4ABE-43FD-A38F-C34695762DA2}.Release|Any CPU.ActiveCfg = Release|Any CPU
		{117D849F-4ABE-43FD-A38F-C34695762DA2}.Release|Any CPU.Build.0 = Release|Any CPU
		{117D849F-4ABE-43FD-A38F-C34695762DA2}.Release|Mixed Platforms.ActiveCfg = Release|Any CPU
		{117D849F-4ABE-43FD-A38F-C34695762DA2}.Release|Mixed Platforms.Build.0 = Release|Any CPU
		{117D849F-4ABE-43FD-A38F-C34695762DA2}.Release|x86.ActiveCfg = Release|Any CPU
	EndGlobalSection
	GlobalSection(SolutionProperties) = preSolution
		HideSolutionNode = FALSE
	EndGlobalSection
EndGlobal
